
Microsoft Visual Studio Solution File, Format Version 12.00
# Visual Studio Version 17
VisualStudioVersion = 17.6.33723.286
MinimumVisualStudioVersion = 10.0.40219.1
Project("{9A19103F-16F7-4668-BE54-9A1E7A4F7556}") = "server_One", "Server\server_One.csproj", "{EE23113E-9B14-4166-B1FC-C583789D79E0}"
EndProject
Project("{9A19103F-16F7-4668-BE54-9A1E7A4F7556}") = "botTelegram", "TelegaBot\botTelegram.csproj", "{EBD1B275-7518-4FD6-AD23-7735E72A6F2F}"
EndProject
Project("{9A19103F-16F7-4668-BE54-9A1E7A4F7556}") = "VPN Windows App", "VPN Windows App\VPN Windows App.csproj", "{E6BDED77-C13B-41D2-89CF-3BC78D8EE8BB}"
EndProject
Global
	GlobalSection(SolutionConfigurationPlatforms) = preSolution
		Debug|Any CPU = Debug|Any CPU
		Release|Any CPU = Release|Any CPU
	EndGlobalSection
	GlobalSection(ProjectConfigurationPlatforms) = postSolution
		{EE23113E-9B14-4166-B1FC-C583789D79E0}.Debug|Any CPU.ActiveCfg = Debug|Any CPU
		{EE23113E-9B14-4166-B1FC-C583789D79E0}.Debug|Any CPU.Build.0 = Debug|Any CPU
		{EE23113E-9B14-4166-B1FC-C583789D79E0}.Release|Any CPU.ActiveCfg = Release|Any CPU
		{EE23113E-9B14-4166-B1FC-C583789D79E0}.Release|Any CPU.Build.0 = Release|Any CPU
		{EBD1B275-7518-4FD6-AD23-7735E72A6F2F}.Debug|Any CPU.ActiveCfg = Debug|Any CPU
		{EBD1B275-7518-4FD6-AD23-7735E72A6F2F}.Debug|Any CPU.Build.0 = Debug|Any CPU
		{EBD1B275-7518-4FD6-AD23-7735E72A6F2F}.Release|Any CPU.ActiveCfg = Release|Any CPU
		{EBD1B275-7518-4FD6-AD23-7735E72A6F2F}.Release|Any CPU.Build.0 = Release|Any CPU
		{E6BDED77-C13B-41D2-89CF-3BC78D8EE8BB}.Debug|Any CPU.ActiveCfg = Debug|Any CPU
		{E6BDED77-C13B-41D2-89CF-3BC78D8EE8BB}.Debug|Any CPU.Build.0 = Debug|Any CPU
		{E6BDED77-C13B-41D2-89CF-3BC78D8EE8BB}.Release|Any CPU.ActiveCfg = Release|Any CPU
		{E6BDED77-C13B-41D2-89CF-3BC78D8EE8BB}.Release|Any CPU.Build.0 = Release|Any CPU
	EndGlobalSection
	GlobalSection(SolutionProperties) = preSolution
		HideSolutionNode = FALSE
	EndGlobalSection
	GlobalSection(ExtensibilityGlobals) = postSolution
		SolutionGuid = {2BFC9D9A-7EC8-4B24-A86E-B546BFDAD25C}
	EndGlobalSection
EndGlobal
